
Microsoft Visual Studio Solution File, Format Version 12.00
# Visual Studio 15
VisualStudioVersion = 15.0.27004.2005
MinimumVisualStudioVersion = 10.0.40219.1
Project("{9A19103F-16F7-4668-BE54-9A1E7A4F7556}") = "Playground.Calculator", "src\Playground.Calculator\Playground.Calculator.csproj", "{D7E737EA-D72D-4BB6-9454-B8ECABD64975}"
EndProject
Project("{9A19103F-16F7-4668-BE54-9A1E7A4F7556}") = "Playground.Calculator.Test", "src\Playground.Calculator.Test\Playground.Calculator.Test.csproj", "{9D11551A-BEAA-4E66-BC24-A7D6085468B5}"
EndProject
Project("{9A19103F-16F7-4668-BE54-9A1E7A4F7556}") = "Playground.Start", "src\Playground.Start\Playground.Start.csproj", "{C09DF10B-2EE8-452D-931E-ADE6A696A96D}"
EndProject
Global
	GlobalSection(SolutionConfigurationPlatforms) = preSolution
		Debug|Any CPU = Debug|Any CPU
		Release|Any CPU = Release|Any CPU
	EndGlobalSection
	GlobalSection(ProjectConfigurationPlatforms) = postSolution
		{D7E737EA-D72D-4BB6-9454-B8ECABD64975}.Debug|Any CPU.ActiveCfg = Debug|Any CPU
		{D7E737EA-D72D-4BB6-9454-B8ECABD64975}.Debug|Any CPU.Build.0 = Debug|Any CPU
		{D7E737EA-D72D-4BB6-9454-B8ECABD64975}.Release|Any CPU.ActiveCfg = Release|Any CPU
		{D7E737EA-D72D-4BB6-9454-B8ECABD64975}.Release|Any CPU.Build.0 = Release|Any CPU
		{9D11551A-BEAA-4E66-BC24-A7D6085468B5}.Debug|Any CPU.ActiveCfg = Debug|Any CPU
		{9D11551A-BEAA-4E66-BC24-A7D6085468B5}.Debug|Any CPU.Build.0 = Debug|Any CPU
		{9D11551A-BEAA-4E66-BC24-A7D6085468B5}.Release|Any CPU.ActiveCfg = Release|Any CPU
		{9D11551A-BEAA-4E66-BC24-A7D6085468B5}.Release|Any CPU.Build.0 = Release|Any CPU
		{C09DF10B-2EE8-452D-931E-ADE6A696A96D}.Debug|Any CPU.ActiveCfg = Debug|Any CPU
		{C09DF10B-2EE8-452D-931E-ADE6A696A96D}.Debug|Any CPU.Build.0 = Debug|Any CPU
		{C09DF10B-2EE8-452D-931E-ADE6A696A96D}.Release|Any CPU.ActiveCfg = Release|Any CPU
		{C09DF10B-2EE8-452D-931E-ADE6A696A96D}.Release|Any CPU.Build.0 = Release|Any CPU
	EndGlobalSection
	GlobalSection(SolutionProperties) = preSolution
		HideSolutionNode = FALSE
	EndGlobalSection
	GlobalSection(ExtensibilityGlobals) = postSolution
		SolutionGuid = {C8494B62-9965-4FAD-BC11-AA28CF4E846D}
	EndGlobalSection
EndGlobal
